{
  "lockfileVersion": 1,
  "workspaces": {
    "": {
      "name": "order-win-tracker",
      "devDependencies": {
        "@biomejs/biome": "2.2.5",
        "turbo": "2.5.6",
        "typescript": "5.8.3",
      },
    },
    "apps/api": {
      "name": "@order-win/api",
      "dependencies": {
        "@hono/zod-validator": "0.9.1",
        "@order-win/contracts": "workspace:*",
        "@order-win/core": "workspace:*",
        "@order-win/database": "workspace:*",
        "@order-win/drishti": "workspace:*",
        "dotenv": "17.2.2",
        "hono": "4.13.7",
        "zod": "4.5.4",
      },
      "devDependencies": {
        "@biomejs/biome": "2.2.5",
        "@types/bun": "1.2.22",
        "typescript": "5.8.3",
      },
    },
    "packages/contracts": {
      "name": "@order-win/contracts",
      "dependencies": {
        "zod": "4.5.4",
      },
      "devDependencies": {
        "@biomejs/biome": "2.2.5",
        "typescript": "5.8.3",
      },
    },
    "packages/core": {
      "name": "@order-win/core",
      "dependencies": {
        "@order-win/contracts": "workspace:*",
      },
      "devDependencies": {
        "@biomejs/biome": "2.2.5",
        "@types/bun": "1.2.22",
        "typescript": "5.8.3",
      },
    },
    "packages/database": {
      "name": "@order-win/database",
      "dependencies": {
        "@order-win/contracts": "workspace:*",
        "@order-win/core": "workspace:*",
        "mongoose": "8.18.0",
      },
      "devDependencies": {
        "@biomejs/biome": "2.2.5",
        "@types/bun": "1.2.22",
        "typescript": "5.8.3",
      },
    },
    "packages/drishti": {
      "name": "@order-win/drishti",
      "dependencies": {
        "@order-win/contracts": "workspace:*",
        "@order-win/core": "workspace:*",
        "drishti-sdk": "1.0.15",
      },
      "devDependencies": {
        "@biomejs/biome": "2.2.5",
        "typescript": "5.8.3",
      },
    },
  },
  "packages": {
    "@biomejs/biome": ["@biomejs/biome@2.2.5", "", { "optionalDependencies": { "@biomejs/cli-darwin-arm64": "2.2.5", "@biomejs/cli-darwin-x64": "2.2.5", "@biomejs/cli-linux-arm64": "2.2.5", "@biomejs/cli-linux-arm64-musl": "2.2.5", "@biomejs/cli-linux-x64": "2.2.5", "@biomejs/cli-linux-x64-musl": "2.2.5", "@biomejs/cli-win32-arm64": "2.2.5", "@biomejs/cli-win32-x64": "2.2.5" }, "bin": { "biome": "bin/biome" } }, "sha512-zcIi+163Rc3HtyHbEO7CjeHq8DjQRs40HsGbW6vx2WI0tg8mYQOPouhvHSyEnCBAorfYNnKdR64/IxO7xQ5faw=="],

    "@biomejs/cli-darwin-arm64": ["@biomejs/cli-darwin-arm64@2.2.5", "", { "os": "darwin", "cpu": "arm64" }, "sha512-MYT+nZ38wEIWVcL5xLyOhYQQ7nlWD0b/4mgATW2c8dvq7R4OQjt/XGXFkXrmtWmQofaIM14L7V8qIz/M+bx5QQ=="],

    "@biomejs/cli-darwin-x64": ["@biomejs/cli-darwin-x64@2.2.5", "", { "os": "darwin", "cpu": "x64" }, "sha512-FLIEl73fv0R7dI10EnEiZLw+IMz3mWLnF95ASDI0kbx6DDLJjWxE5JxxBfmG+udz1hIDd3fr5wsuP7nwuTRdAg=="],

    "@biomejs/cli-linux-arm64": ["@biomejs/cli-linux-arm64@2.2.5", "", { "os": "linux", "cpu": "arm64" }, "sha512-5DjiiDfHqGgR2MS9D+AZ8kOfrzTGqLKywn8hoXpXXlJXIECGQ32t+gt/uiS2XyGBM2XQhR6ztUvbjZWeccFMoQ=="],

    "@biomejs/cli-linux-arm64-musl": ["@biomejs/cli-linux-arm64-musl@2.2.5", "", { "os": "linux", "cpu": "arm64" }, "sha512-5Ov2wgAFwqDvQiESnu7b9ufD1faRa+40uwrohgBopeY84El2TnBDoMNXx6iuQdreoFGjwW8vH6k68G21EpNERw=="],

    "@biomejs/cli-linux-x64": ["@biomejs/cli-linux-x64@2.2.5", "", { "os": "linux", "cpu": "x64" }, "sha512-fq9meKm1AEXeAWan3uCg6XSP5ObA6F/Ovm89TwaMiy1DNIwdgxPkNwxlXJX8iM6oRbFysYeGnT0OG8diCWb9ew=="],

    "@biomejs/cli-linux-x64-musl": ["@biomejs/cli-linux-x64-musl@2.2.5", "", { "os": "linux", "cpu": "x64" }, "sha512-AVqLCDb/6K7aPNIcxHaTQj01sl1m989CJIQFQEaiQkGr2EQwyOpaATJ473h+nXDUuAcREhccfRpe/tu+0wu0eQ=="],

    "@biomejs/cli-win32-arm64": ["@biomejs/cli-win32-arm64@2.2.5", "", { "os": "win32", "cpu": "arm64" }, "sha512-xaOIad4wBambwJa6mdp1FigYSIF9i7PCqRbvBqtIi9y29QtPVQ13sDGtUnsRoe6SjL10auMzQ6YAe+B3RpZXVg=="],

    "@biomejs/cli-win32-x64": ["@biomejs/cli-win32-x64@2.2.5", "", { "os": "win32", "cpu": "x64" }, "sha512-F/jhuXCssPFAuciMhHKk00xnCAxJRS/pUzVfXYmOMUp//XW7mO6QeCjsjvnm8L4AO/dG2VOB0O+fJPiJ2uXtIw=="],

    "@hono/zod-validator": ["@hono/zod-validator@0.9.1", "", { "peerDependencies": { "hono": ">=4.11.2", "zod": "^3.25.0 || ^4.0.0" } }, "sha512-iiv6w0qrIc0arfvCtUqBWsvl4fXjzaTcQcCJTTtCnkawF9HHGE+KjEl0ox3gQJ6rKZEgE3mLExlQCF72M+mNuw=="],

    "@mongodb-js/saslprep": ["@mongodb-js/saslprep@1.5.0", "", { "dependencies": { "sparse-bitfield": "^3.0.3" } }, "sha512-Hk1SKJCMcCos38+vqDnZzlIo4XRj9yCGzYkjB4LcqpeXRIYfia1UWTz+VrueLxoU+uSRJzgkufxoRZg8gi52YA=="],

    "@order-win/api": ["@order-win/api@workspace:apps/api"],

    "@order-win/contracts": ["@order-win/contracts@workspace:packages/contracts"],

    "@order-win/core": ["@order-win/core@workspace:packages/core"],

    "@order-win/database": ["@order-win/database@workspace:packages/database"],

    "@order-win/drishti": ["@order-win/drishti@workspace:packages/drishti"],

    "@types/bun": ["@types/bun@1.2.22", "", { "dependencies": { "bun-types": "1.2.22" } }, "sha512-5A/KrKos2ZcN0c6ljRSOa1fYIyCKhZfIVYeuyb4snnvomnpFqC0tTsEkdqNxbAgExV384OETQ//WAjl3XbYqQA=="],

    "@types/node": ["@types/node@26.4.1", "", { "dependencies": { "undici-types": "~8.3.0" } }, "sha512-k97ENvZWtvA6yqz5/FS6a7duDgOPEeOQOc2iKS/nY6mX6qJUKtLnWzQS+Xj6tXweyj6ZcTAK2Qecetnvi9nCLA=="],

    "@types/react": ["@types/react@19.2.18", "", { "dependencies": { "csstype": "^3.2.2" } }, "sha512-AnzbBERsrLKtk2XSfTbYRLjQPdy116Sty4q+T+Bp3IC4l6jNBvreVPAHmpq9qhXQM7CXZPjLVmGMw9sy+hxQ3w=="],

    "@types/webidl-conversions": ["@types/webidl-conversions@7.0.3", "", {}, "sha512-CiJJvcRtIgzadHCYXw7dqEnMNRjhGZlYK05Mj9OyktqV8uVT8fD2BFOB7S1uwBE3Kj2Z+4UyPmFw/Ixgw/LAlA=="],

    "@types/whatwg-url": ["@types/whatwg-url@11.0.5", "", { "dependencies": { "@types/webidl-conversions": "*" } }, "sha512-coYR071JRaHa+xoEvvYqvnIHaVqaYrLPbsufM9BF63HkwI5Lgmy2QR8Q5K/lYDYo5AK82wOvSOS0UsLTpTG7uQ=="],

    "bson": ["bson@6.10.4", "", {}, "sha512-WIsKqkSC0ABoBJuT1LEX+2HEvNmNKKgnTAyd0fL8qzK4SH2i9NXg+t08YtdZp/V9IZ33cxe3iV4yM0qg8lMQng=="],

    "bun-types": ["bun-types@1.2.22", "", { "dependencies": { "@types/node": "*" }, "peerDependencies": { "@types/react": "^19" } }, "sha512-hwaAu8tct/Zn6Zft4U9BsZcXkYomzpHJX28ofvx7k0Zz2HNz54n1n+tDgxoWFGB4PcFvJXJQloPhaV2eP3Q6EA=="],

    "csstype": ["csstype@3.2.3", "", {}, "sha512-z1HGKcYy2xA8AGQfwrn0PAy+PB7X/GSj3UVJW9qKyn43xWa+gl5nXmU4qqLMRzWVLFC8KusUX8T/0kCiOYpAIQ=="],

    "debug": ["debug@4.4.3", "", { "dependencies": { "ms": "^2.1.3" } }, "sha512-RGwwWnwQvkVfavKVt22FGLw+xYSdzARwm0ru6DhTVA3umU5hZc28V3kO4stgYryrTlLpuvgI9GiijltAjNbcqA=="],

    "dotenv": ["dotenv@17.2.2", "", {}, "sha512-Sf2LSQP+bOlhKWWyhFsn0UsfdK/kCWRv1iuA2gXAwt3dyNabr6QSj00I2V10pidqz69soatm9ZwZvpQMTIOd5Q=="],

    "drishti-sdk": ["drishti-sdk@1.0.15", "", {}, "sha512-lqvUsdn7Ku1FMgFza77yFcUl1bNoe9+xLYvuVOOJAAIlEc1pgBN0xKMTj1uDFUJHXUW4ZbxTMUA2a+9N2xCznw=="],

    "hono": ["hono@4.13.7", "", {}, "sha512-c8/gF9ac8Y78/agExVocyLevgR+JlpNB444Py0FSX8pJoPdYUfUzRcXtYEYGwt6l19qIlVZPN5Mfsw9jFShmQQ=="],

    "kareem": ["kareem@2.6.3", "", {}, "sha512-C3iHfuGUXK2u8/ipq9LfjFfXFxAZMQJJq7vLS45r3D9Y2xQ/m4S8zaR4zMLFWh9AsNPXmcFfUDhTEO8UIC/V6Q=="],

    "memory-pager": ["memory-pager@1.5.0", "", {}, "sha512-ZS4Bp4r/Zoeq6+NLJpP+0Zzm0pR8whtGPf1XExKLJBAczGMnSi3It14OiNCStjQjM6NU1okjQGSxgEZN8eBYKg=="],

    "mongodb": ["mongodb@6.18.0", "", { "dependencies": { "@mongodb-js/saslprep": "^1.1.9", "bson": "^6.10.4", "mongodb-connection-string-url": "^3.0.0" }, "peerDependencies": { "@aws-sdk/credential-providers": "^3.188.0", "@mongodb-js/zstd": "^1.1.0 || ^2.0.0", "gcp-metadata": "^5.2.0", "kerberos": "^2.0.1", "mongodb-client-encryption": ">=6.0.0 <7", "snappy": "^7.2.2", "socks": "^2.7.1" }, "optionalPeers": ["@aws-sdk/credential-providers", "@mongodb-js/zstd", "gcp-metadata", "kerberos", "mongodb-client-encryption", "snappy", "socks"] }, "sha512-fO5ttN9VC8P0F5fqtQmclAkgXZxbIkYRTUi1j8JO6IYwvamkhtYDilJr35jOPELR49zqCJgXZWwCtW7B+TM8vQ=="],

    "mongodb-connection-string-url": ["mongodb-connection-string-url@3.0.2", "", { "dependencies": { "@types/whatwg-url": "^11.0.2", "whatwg-url": "^14.1.0 || ^13.0.0" } }, "sha512-rMO7CGo/9BFwyZABcKAWL8UJwH/Kc2x0g72uhDWzG48URRax5TCIcJ7Rc3RZqffZzO/Gwff/jyKwCU9TN8gehA=="],

    "mongoose": ["mongoose@8.18.0", "", { "dependencies": { "bson": "^6.10.4", "kareem": "2.6.3", "mongodb": "~6.18.0", "mpath": "0.9.0", "mquery": "5.0.0", "ms": "2.1.3", "sift": "17.1.3" } }, "sha512-3TixPihQKBdyaYDeJqRjzgb86KbilEH07JmzV8SoSjgoskNTpa6oTBmDxeoF9p8YnWQoz7shnCyPkSV/48y3yw=="],

    "mpath": ["mpath@0.9.0", "", {}, "sha512-ikJRQTk8hw5DEoFVxHG1Gn9T/xcjtdnOKIU1JTmGjZZlg9LST2mBLmcX3/ICIbgJydT2GOc15RnNy5mHmzfSew=="],

    "mquery": ["mquery@5.0.0", "", { "dependencies": { "debug": "4.x" } }, "sha512-iQMncpmEK8R8ncT8HJGsGc9Dsp8xcgYMVSbs5jgnm1lFHTZqMJTUWTDx1LBO8+mK3tPNZWFLBghQEIOULSTHZg=="],

    "ms": ["ms@2.1.3", "", {}, "sha512-6FlzubTLZG3J2a/NVCAleEhjzq5oxgHyaCU9yYXvcLsvoVaHJq/s5xXI6/XXP6tz7R9xAOtHnSO/tXtF3WRTlA=="],

    "punycode": ["punycode@2.3.1", "", {}, "sha512-vYt7UD1U9Wg6138shLtLOvdAu+8DsC/ilFtEVHcH+wydcSpNE20AfSOduf6MkRFahL5FY7X1oU7nKVZFtfq8Fg=="],

    "sift": ["sift@17.1.3", "", {}, "sha512-Rtlj66/b0ICeFzYTuNvX/EF1igRbbnGSvEyT79McoZa/DeGhMyC5pWKOEsZKnpkqtSeovd5FL/bjHWC3CIIvCQ=="],

    "sparse-bitfield": ["sparse-bitfield@3.0.3", "", { "dependencies": { "memory-pager": "^1.0.2" } }, "sha512-kvzhi7vqKTfkh0PZU+2D2PIllw2ymqJKujUcyPMd9Y75Nv4nPbGJZXNhxsgdQab2BmlDct1YnfQCguEvHr7VsQ=="],

    "tr46": ["tr46@5.1.1", "", { "dependencies": { "punycode": "^2.3.1" } }, "sha512-hdF5ZgjTqgAntKkklYw0R03MG2x/bSzTtkxmIRw/sTNV8YXsCJ1tfLAX23lhxhHJlEf3CRCOCGGWw3vI3GaSPw=="],

    "turbo": ["turbo@2.5.6", "", { "optionalDependencies": { "turbo-darwin-64": "2.5.6", "turbo-darwin-arm64": "2.5.6", "turbo-linux-64": "2.5.6", "turbo-linux-arm64": "2.5.6", "turbo-windows-64": "2.5.6", "turbo-windows-arm64": "2.5.6" }, "bin": { "turbo": "bin/turbo" } }, "sha512-gxToHmi9oTBNB05UjUsrWf0OyN5ZXtD0apOarC1KIx232Vp3WimRNy3810QzeNSgyD5rsaIDXlxlbnOzlouo+w=="],

    "turbo-darwin-64": ["turbo-darwin-64@2.5.6", "", { "os": "darwin", "cpu": "x64" }, "sha512-3C1xEdo4aFwMJAPvtlPqz1Sw/+cddWIOmsalHFMrsqqydcptwBfu26WW2cDm3u93bUzMbBJ8k3zNKFqxJ9ei2A=="],

    "turbo-darwin-arm64": ["turbo-darwin-arm64@2.5.6", "", { "os": "darwin", "cpu": "arm64" }, "sha512-LyiG+rD7JhMfYwLqB6k3LZQtYn8CQQUePbpA8mF/hMLPAekXdJo1g0bUPw8RZLwQXUIU/3BU7tXENvhSGz5DPA=="],

    "turbo-linux-64": ["turbo-linux-64@2.5.6", "", { "os": "linux", "cpu": "x64" }, "sha512-GOcUTT0xiT/pSnHL4YD6Yr3HreUhU8pUcGqcI2ksIF9b2/r/kRHwGFcsHgpG3+vtZF/kwsP0MV8FTlTObxsYIA=="],

    "turbo-linux-arm64": ["turbo-linux-arm64@2.5.6", "", { "os": "linux", "cpu": "arm64" }, "sha512-10Tm15bruJEA3m0V7iZcnQBpObGBcOgUcO+sY7/2vk1bweW34LMhkWi8svjV9iDF68+KJDThnYDlYE/bc7/zzQ=="],

    "turbo-windows-64": ["turbo-windows-64@2.5.6", "", { "os": "win32", "cpu": "x64" }, "sha512-FyRsVpgaj76It0ludwZsNN40ytHN+17E4PFJyeliBEbxrGTc5BexlXVpufB7XlAaoaZVxbS6KT8RofLfDRyEPg=="],

    "turbo-windows-arm64": ["turbo-windows-arm64@2.5.6", "", { "os": "win32", "cpu": "arm64" }, "sha512-j/tWu8cMeQ7HPpKri6jvKtyXg9K1gRyhdK4tKrrchH8GNHscPX/F71zax58yYtLRWTiK04zNzPcUJuoS0+v/+Q=="],

    "typescript": ["typescript@5.8.3", "", { "bin": { "tsc": "bin/tsc", "tsserver": "bin/tsserver" } }, "sha512-p1diW6TqL9L07nNxvRMM7hMMw4c5XOo/1ibL4aAIGmSAt9slTE1Xgw5KWuof2uTOvCg9BY7ZRi+GaF+7sfgPeQ=="],

    "undici-types": ["undici-types@8.3.0", "", {}, "sha512-j375ScV60dom+YkPFIfTLcOiPxkN/buHz5GobjLhixFuANaNs3C9l4GmrWqejgXWJ7BbJcFYpTEUkS1Ge8bpZQ=="],

    "webidl-conversions": ["webidl-conversions@7.0.0", "", {}, "sha512-VwddBukDzu71offAQR975unBIGqfKZpM+8ZX6ySk8nYhVoo5CYaZyzt3YBvYtRtO+aoGlqxPg/B87NGVZ/fu6g=="],

    "whatwg-url": ["whatwg-url@14.2.0", "", { "dependencies": { "tr46": "^5.1.0", "webidl-conversions": "^7.0.0" } }, "sha512-De72GdQZzNTUBBChsXueQUnPKDkg/5A5zp7pFDuQAj5UFoENpiACU0wlCvzpAGnTkj++ihpKwKyYewn/XNUbKw=="],

    "zod": ["zod@4.5.4", "", {}, "sha512-sC95tT5iHHH9gtpj6A81kh+NEaRAUFN+qlUPDUbRfOMvNf5QCBqsb3WgvnpVtK5Y+4UfA6KqufotuTvMGiTlsA=="],
  }
}
